
Microsoft Visual Studio Solution File, Format Version 12.00
# Visual Studio 2013
VisualStudioVersion = 12.0.21005.1
MinimumVisualStudioVersion = 10.0.40219.1
Project("{F2A71F9B-5D33-465A-A702-920D77279786}") = "DataFlowAttempt1", "DataFlowAttempt1.fsproj", "{907B8F05-E415-4E7B-B10C-D8CAD8290A95}"
EndProject
Project("{F2A71F9B-5D33-465A-A702-920D77279786}") = "DFAttempt1Test", "..\DFAttempt1Test\DFAttempt1Test.fsproj", "{36EBCEA0-F250-4444-9E98-EFC4FF64C4EA}"
	ProjectSection(ProjectDependencies) = postProject
		{907B8F05-E415-4E7B-B10C-D8CAD8290A95} = {907B8F05-E415-4E7B-B10C-D8CAD8290A95}
	EndProjectSection
EndProject
Global
	GlobalSection(SolutionConfigurationPlatforms) = preSolution
		Debug|Any CPU = Debug|Any CPU
		Release|Any CPU = Release|Any CPU
	EndGlobalSection
	GlobalSection(ProjectConfigurationPlatforms) = postSolution
		{907B8F05-E415-4E7B-B10C-D8CAD8290A95}.Debug|Any CPU.ActiveCfg = Debug|Any CPU
		{907B8F05-E415-4E7B-B10C-D8CAD8290A95}.Debug|Any CPU.Build.0 = Debug|Any CPU
		{907B8F05-E415-4E7B-B10C-D8CAD8290A95}.Release|Any CPU.ActiveCfg = Release|Any CPU
		{907B8F05-E415-4E7B-B10C-D8CAD8290A95}.Release|Any CPU.Build.0 = Release|Any CPU
		{36EBCEA0-F250-4444-9E98-EFC4FF64C4EA}.Debug|Any CPU.ActiveCfg = Debug|Any CPU
		{36EBCEA0-F250-4444-9E98-EFC4FF64C4EA}.Debug|Any CPU.Build.0 = Debug|Any CPU
		{36EBCEA0-F250-4444-9E98-EFC4FF64C4EA}.Release|Any CPU.ActiveCfg = Release|Any CPU
		{36EBCEA0-F250-4444-9E98-EFC4FF64C4EA}.Release|Any CPU.Build.0 = Release|Any CPU
	EndGlobalSection
	GlobalSection(SolutionProperties) = preSolution
		HideSolutionNode = FALSE
	EndGlobalSection
EndGlobal
